
Microsoft Visual Studio Solution File, Format Version 12.00
# Visual Studio Version 17
VisualStudioVersion = 17.0.31825.309
MinimumVisualStudioVersion = 10.0.40219.1
Project("{FAE04EC0-301F-11D3-BF4B-00C04F79EFBC}") = "shop_api", "shop_api\shop_api.csproj", "{1E845E20-1AEF-48C4-B6B3-4D87666D686F}"
EndProject
Global
	GlobalSection(SolutionConfigurationPlatforms) = preSolution
		Debug|Any CPU = Debug|Any CPU
		Release|Any CPU = Release|Any CPU
	EndGlobalSection
	GlobalSection(ProjectConfigurationPlatforms) = postSolution
		{1E845E20-1AEF-48C4-B6B3-4D87666D686F}.Debug|Any CPU.ActiveCfg = Debug|Any CPU
		{1E845E20-1AEF-48C4-B6B3-4D87666D686F}.Debug|Any CPU.Build.0 = Debug|Any CPU
		{1E845E20-1AEF-48C4-B6B3-4D87666D686F}.Release|Any CPU.ActiveCfg = Release|Any CPU
		{1E845E20-1AEF-48C4-B6B3-4D87666D686F}.Release|Any CPU.Build.0 = Release|Any CPU
	EndGlobalSection
	GlobalSection(SolutionProperties) = preSolution
		HideSolutionNode = FALSE
	EndGlobalSection
	GlobalSection(ExtensibilityGlobals) = postSolution
		SolutionGuid = {CB1B6677-4EEB-4CFE-9791-645643DEC2AA}
	EndGlobalSection
EndGlobal
